{
	"name": "@control-ui/docs",
	"version": "0.0.33",
	"lockfileVersion": 2,
	"requires": true,
	"packages": {
		"": {
			"name": "@control-ui/docs",
			"version": "0.0.33",
			"license": "MIT",
			"devDependencies": {
				"@mui/icons-material": "^5.6.2",
				"@mui/material": "^5.6.2",
				"@types/react": "^18.0",
				"@types/react-router-dom": "^5.1.5",
				"react": "^18.0",
				"react-dom": "^18.0",
				"react-router-dom": "^5.0"
			},
			"peerDependencies": {
				"@control-ui/kit": "~0.0.24",
				"@mui/icons-material": "^5.6.2",
				"@mui/material": "^5.6.2",
				"react": "^17.0 || ^18.0",
				"react-dom": "^17.0 || ^18.0",
				"react-router-dom": "^5.0"
			}
		},
		"node_modules/@babel/runtime": {
			"version": "7.17.9",
			"resolved": "https://registry.npmjs.org/@babel/runtime/-/runtime-7.17.9.tgz",
			"integrity": "sha512-lSiBBvodq29uShpWGNbgFdKYNiFDo5/HIYsaCEY9ff4sb10x9jizo2+pRrSyF4jKZCXqgzuqBOQKbUm90gQwJg==",
			"dependencies": {
				"regenerator-runtime": "^0.13.4"
			},
			"engines": {
				"node": ">=6.9.0"
			}
		},
		"node_modules/@control-ui/kit": {
			"version": "0.0.24",
			"resolved": "https://registry.npmjs.org/@control-ui/kit/-/kit-0.0.24.tgz",
			"integrity": "sha512-IfyPhpJv48X9z9Ucb6Rd4CpKoYOYWvUK/Eh8wrnVoJ/uzjxCFYWQL7YYWLer/FsYRQ4tcEkpRsY6WhCdcCwA+w==",
			"peer": true,
			"dependencies": {
				"@control-ui/routes": "~0.0.1",
				"clsx": "^1.0",
				"react-helmet": "^6.1.0",
				"react-uid": "^2.0"
			},
			"peerDependencies": {
				"@mui/icons-material": "^5.6.2",
				"@mui/material": "^5.6.2",
				"react": "^17.0",
				"react-dom": "^17.0",
				"react-router": "^5.0",
				"react-router-dom": "^5.0"
			}
		},
		"node_modules/@control-ui/routes": {
			"version": "0.0.6",
			"resolved": "https://registry.npmjs.org/@control-ui/routes/-/routes-0.0.6.tgz",
			"integrity": "sha512-YMABE2/QG61ZnRwOi/yUKWBzOSU0Zgt+OGa22tjzx5cfDivFlMGYDm66lXeu3+YMFyY+K75rvfiBXyEDteZplA==",
			"peer": true,
			"peerDependencies": {
				"react": "^17.0 || ^18.0",
				"react-router": "^5.0",
				"react-router-dom": "^5.0"
			},
			"peerDependenciesMeta": {
				"react-router": {
					"optional": true
				},
				"react-router-dom": {
					"optional": true
				}
			}
		},
		"node_modules/@emotion/cache": {
			"version": "11.7.1",
			"resolved": "https://registry.npmjs.org/@emotion/cache/-/cache-11.7.1.tgz",
			"integrity": "sha512-r65Zy4Iljb8oyjtLeCuBH8Qjiy107dOYC6SJq7g7GV5UCQWMObY4SJDPGFjiiVpPrOJ2hmJOoBiYTC7hwx9E2A==",
			"dependencies": {
				"@emotion/memoize": "^0.7.4",
				"@emotion/sheet": "^1.1.0",
				"@emotion/utils": "^1.0.0",
				"@emotion/weak-memoize": "^0.2.5",
				"stylis": "4.0.13"
			}
		},
		"node_modules/@emotion/is-prop-valid": {
			"version": "1.2.0",
			"resolved": "https://registry.npmjs.org/@emotion/is-prop-valid/-/is-prop-valid-1.2.0.tgz",
			"integrity": "sha512-3aDpDprjM0AwaxGE09bOPkNxHpBd+kA6jty3RnaEXdweX1DF1U3VQpPYb0g1IStAuK7SVQ1cy+bNBBKp4W3Fjg==",
			"dependencies": {
				"@emotion/memoize": "^0.8.0"
			}
		},
		"node_modules/@emotion/is-prop-valid/node_modules/@emotion/memoize": {
			"version": "0.8.0",
			"resolved": "https://registry.npmjs.org/@emotion/memoize/-/memoize-0.8.0.tgz",
			"integrity": "sha512-G/YwXTkv7Den9mXDO7AhLWkE3q+I92B+VqAE+dYG4NGPaHZGvt3G8Q0p9vmE+sq7rTGphUbAvmQ9YpbfMQGGlA=="
		},
		"node_modules/@emotion/memoize": {
			"version": "0.7.5",
			"resolved": "https://registry.npmjs.org/@emotion/memoize/-/memoize-0.7.5.tgz",
			"integrity": "sha512-igX9a37DR2ZPGYtV6suZ6whr8pTFtyHL3K/oLUotxpSVO2ASaprmAe2Dkq7tBo7CRY7MMDrAa9nuQP9/YG8FxQ=="
		},
		"node_modules/@emotion/sheet": {
			"version": "1.1.0",
			"resolved": "https://registry.npmjs.org/@emotion/sheet/-/sheet-1.1.0.tgz",
			"integrity": "sha512-u0AX4aSo25sMAygCuQTzS+HsImZFuS8llY8O7b9MDRzbJM0kVJlAz6KNDqcG7pOuQZJmj/8X/rAW+66kMnMW+g=="
		},
		"node_modules/@emotion/utils": {
			"version": "1.1.0",
			"resolved": "https://registry.npmjs.org/@emotion/utils/-/utils-1.1.0.tgz",
			"integrity": "sha512-iRLa/Y4Rs5H/f2nimczYmS5kFJEbpiVvgN3XVfZ022IYhuNA1IRSHEizcof88LtCTXtl9S2Cxt32KgaXEu72JQ=="
		},
		"node_modules/@emotion/weak-memoize": {
			"version": "0.2.5",
			"resolved": "https://registry.npmjs.org/@emotion/weak-memoize/-/weak-memoize-0.2.5.tgz",
			"integrity": "sha512-6U71C2Wp7r5XtFtQzYrW5iKFT67OixrSxjI4MptCHzdSVlgabczzqLe0ZSgnub/5Kp4hSbpDB1tMytZY9pwxxA=="
		},
		"node_modules/@mui/base": {
			"version": "5.0.0-alpha.79",
			"resolved": "https://registry.npmjs.org/@mui/base/-/base-5.0.0-alpha.79.tgz",
			"integrity": "sha512-/lZLF027BkiEjM8MIYoeS/FEhTKf+41ePU9SOijMGrCin1Y0Igucw+IHa1fF8HXD7wDbFKqHuso3J1jMG8wyNw==",
			"dependencies": {
				"@babel/runtime": "^7.17.2",
				"@emotion/is-prop-valid": "^1.1.2",
				"@mui/types": "^7.1.3",
				"@mui/utils": "^5.6.1",
				"@popperjs/core": "^2.11.5",
				"clsx": "^1.1.1",
				"prop-types": "^15.7.2",
				"react-is": "^17.0.2"
			},
			"engines": {
				"node": ">=12.0.0"
			},
			"funding": {
				"type": "opencollective",
				"url": "https://opencollective.com/mui"
			},
			"peerDependencies": {
				"@types/react": "^17.0.0 || ^18.0.0",
				"react": "^17.0.0 || ^18.0.0",
				"react-dom": "^17.0.0 || ^18.0.0"
			},
			"peerDependenciesMeta": {
				"@types/react": {
					"optional": true
				}
			}
		},
		"node_modules/@mui/icons-material": {
			"version": "5.6.2",
			"resolved": "https://registry.npmjs.org/@mui/icons-material/-/icons-material-5.6.2.tgz",
			"integrity": "sha512-9QdI7axKuBAyaGz4mtdi7Uy1j73/thqFmEuxpJHxNC7O8ADEK1Da3t2veK2tgmsXsUlAHcAG63gg+GvWWeQNqQ==",
			"dependencies": {
				"@babel/runtime": "^7.17.2"
			},
			"engines": {
				"node": ">=12.0.0"
			},
			"funding": {
				"type": "opencollective",
				"url": "https://opencollective.com/mui"
			},
			"peerDependencies": {
				"@mui/material": "^5.0.0",
				"@types/react": "^17.0.0 || ^18.0.0",
				"react": "^17.0.0 || ^18.0.0"
			},
			"peerDependenciesMeta": {
				"@types/react": {
					"optional": true
				}
			}
		},
		"node_modules/@mui/material": {
			"version": "5.6.4",
			"resolved": "https://registry.npmjs.org/@mui/material/-/material-5.6.4.tgz",
			"integrity": "sha512-7TD+u/SExZK2a55w6reX56oPk37gKr/M/XGt156X+m0d9LhzOsW864nkErIX/H8oSkX/6kCimxu1FDsO+gjiVw==",
			"dependencies": {
				"@babel/runtime": "^7.17.2",
				"@mui/base": "5.0.0-alpha.79",
				"@mui/system": "^5.6.4",
				"@mui/types": "^7.1.3",
				"@mui/utils": "^5.6.1",
				"@types/react-transition-group": "^4.4.4",
				"clsx": "^1.1.1",
				"csstype": "^3.0.11",
				"hoist-non-react-statics": "^3.3.2",
				"prop-types": "^15.7.2",
				"react-is": "^17.0.2",
				"react-transition-group": "^4.4.2"
			},
			"engines": {
				"node": ">=12.0.0"
			},
			"funding": {
				"type": "opencollective",
				"url": "https://opencollective.com/mui"
			},
			"peerDependencies": {
				"@emotion/react": "^11.5.0",
				"@emotion/styled": "^11.3.0",
				"@types/react": "^17.0.0 || ^18.0.0",
				"react": "^17.0.0 || ^18.0.0",
				"react-dom": "^17.0.0 || ^18.0.0"
			},
			"peerDependenciesMeta": {
				"@emotion/react": {
					"optional": true
				},
				"@emotion/styled": {
					"optional": true
				},
				"@types/react": {
					"optional": true
				}
			}
		},
		"node_modules/@mui/private-theming": {
			"version": "5.6.2",
			"resolved": "https://registry.npmjs.org/@mui/private-theming/-/private-theming-5.6.2.tgz",
			"integrity": "sha512-IbrSfFXfiZdyhRMC2bgGTFtb16RBQ5mccmjeh3MtAERWuepiCK7gkW5D9WhEsfTu6iez+TEjeUKSgmMHlsM2mg==",
			"dependencies": {
				"@babel/runtime": "^7.17.2",
				"@mui/utils": "^5.6.1",
				"prop-types": "^15.7.2"
			},
			"engines": {
				"node": ">=12.0.0"
			},
			"funding": {
				"type": "opencollective",
				"url": "https://opencollective.com/mui"
			},
			"peerDependencies": {
				"@types/react": "^17.0.0 || ^18.0.0",
				"react": "^17.0.0 || ^18.0.0"
			},
			"peerDependenciesMeta": {
				"@types/react": {
					"optional": true
				}
			}
		},
		"node_modules/@mui/styled-engine": {
			"version": "5.6.1",
			"resolved": "https://registry.npmjs.org/@mui/styled-engine/-/styled-engine-5.6.1.tgz",
			"integrity": "sha512-jEhH6TBY8jc9S8yVncXmoTYTbATjEu44RMFXj6sIYfKr5NArVwTwRo3JexLL0t3BOAiYM4xsFLgfKEIvB9SAeQ==",
			"dependencies": {
				"@babel/runtime": "^7.17.2",
				"@emotion/cache": "^11.7.1",
				"prop-types": "^15.7.2"
			},
			"engines": {
				"node": ">=12.0.0"
			},
			"funding": {
				"type": "opencollective",
				"url": "https://opencollective.com/mui"
			},
			"peerDependencies": {
				"@emotion/react": "^11.4.1",
				"@emotion/styled": "^11.3.0",
				"react": "^17.0.0 || ^18.0.0"
			},
			"peerDependenciesMeta": {
				"@emotion/react": {
					"optional": true
				},
				"@emotion/styled": {
					"optional": true
				}
			}
		},
		"node_modules/@mui/system": {
			"version": "5.6.4",
			"resolved": "https://registry.npmjs.org/@mui/system/-/system-5.6.4.tgz",
			"integrity": "sha512-7rsWED1wMFMePySJobsBerFZNu7ga580QSi3Zd6sJR8nVj12qD3yIdfvxA70/PxJ/805KbIT0GX7edKI+hpyhA==",
			"dependencies": {
				"@babel/runtime": "^7.17.2",
				"@mui/private-theming": "^5.6.2",
				"@mui/styled-engine": "^5.6.1",
				"@mui/types": "^7.1.3",
				"@mui/utils": "^5.6.1",
				"clsx": "^1.1.1",
				"csstype": "^3.0.11",
				"prop-types": "^15.7.2"
			},
			"engines": {
				"node": ">=12.0.0"
			},
			"funding": {
				"type": "opencollective",
				"url": "https://opencollective.com/mui"
			},
			"peerDependencies": {
				"@emotion/react": "^11.5.0",
				"@emotion/styled": "^11.3.0",
				"@types/react": "^17.0.0 || ^18.0.0",
				"react": "^17.0.0 || ^18.0.0"
			},
			"peerDependenciesMeta": {
				"@emotion/react": {
					"optional": true
				},
				"@emotion/styled": {
					"optional": true
				},
				"@types/react": {
					"optional": true
				}
			}
		},
		"node_modules/@mui/types": {
			"version": "7.1.3",
			"resolved": "https://registry.npmjs.org/@mui/types/-/types-7.1.3.tgz",
			"integrity": "sha512-DDF0UhMBo4Uezlk+6QxrlDbchF79XG6Zs0zIewlR4c0Dt6GKVFfUtzPtHCH1tTbcSlq/L2bGEdiaoHBJ9Y1gSA==",
			"peerDependencies": {
				"@types/react": "*"
			},
			"peerDependenciesMeta": {
				"@types/react": {
					"optional": true
				}
			}
		},
		"node_modules/@mui/utils": {
			"version": "5.6.1",
			"resolved": "https://registry.npmjs.org/@mui/utils/-/utils-5.6.1.tgz",
			"integrity": "sha512-CPrzrkiBusCZBLWu0Sg5MJvR3fKJyK3gKecLVX012LULyqg2U64Oz04BKhfkbtBrPBbSQxM+DWW9B1c9hmV9nQ==",
			"dependencies": {
				"@babel/runtime": "^7.17.2",
				"@types/prop-types": "^15.7.4",
				"@types/react-is": "^16.7.1 || ^17.0.0",
				"prop-types": "^15.7.2",
				"react-is": "^17.0.2"
			},
			"engines": {
				"node": ">=12.0.0"
			},
			"funding": {
				"type": "opencollective",
				"url": "https://opencollective.com/mui"
			},
			"peerDependencies": {
				"react": "^17.0.0 || ^18.0.0"
			}
		},
		"node_modules/@popperjs/core": {
			"version": "2.11.6",
			"resolved": "https://registry.npmjs.org/@popperjs/core/-/core-2.11.6.tgz",
			"integrity": "sha512-50/17A98tWUfQ176raKiOGXuYpLyyVMkxxG6oylzL3BPOlA6ADGdK7EYunSa4I064xerltq9TGXs8HmOk5E+vw==",
			"funding": {
				"type": "opencollective",
				"url": "https://opencollective.com/popperjs"
			}
		},
		"node_modules/@types/history": {
			"version": "4.7.11",
			"resolved": "https://registry.npmjs.org/@types/history/-/history-4.7.11.tgz",
			"integrity": "sha512-qjDJRrmvBMiTx+jyLxvLfJU7UznFuokDv4f3WRuriHKERccVpFU+8XMQUAbDzoiJCsmexxRExQeMwwCdamSKDA==",
			"dev": true
		},
		"node_modules/@types/prop-types": {
			"version": "15.7.5",
			"resolved": "https://registry.npmjs.org/@types/prop-types/-/prop-types-15.7.5.tgz",
			"integrity": "sha512-JCB8C6SnDoQf0cNycqd/35A7MjcnK+ZTqE7judS6o7utxUCg6imJg3QK2qzHKszlTjcj2cn+NwMB2i96ubpj7w=="
		},
		"node_modules/@types/react": {
			"version": "18.0.27",
			"resolved": "https://registry.npmjs.org/@types/react/-/react-18.0.27.tgz",
			"integrity": "sha512-3vtRKHgVxu3Jp9t718R9BuzoD4NcQ8YJ5XRzsSKxNDiDonD2MXIT1TmSkenxuCycZJoQT5d2vE8LwWJxBC1gmA==",
			"dependencies": {
				"@types/prop-types": "*",
				"@types/scheduler": "*",
				"csstype": "^3.0.2"
			}
		},
		"node_modules/@types/react-is": {
			"version": "17.0.3",
			"resolved": "https://registry.npmjs.org/@types/react-is/-/react-is-17.0.3.tgz",
			"integrity": "sha512-aBTIWg1emtu95bLTLx0cpkxwGW3ueZv71nE2YFBpL8k/z5czEW8yYpOo8Dp+UUAFAtKwNaOsh/ioSeQnWlZcfw==",
			"dependencies": {
				"@types/react": "*"
			}
		},
		"node_modules/@types/react-router": {
			"version": "5.1.18",
			"resolved": "https://registry.npmjs.org/@types/react-router/-/react-router-5.1.18.tgz",
			"integrity": "sha512-YYknwy0D0iOwKQgz9v8nOzt2J6l4gouBmDnWqUUznltOTaon+r8US8ky8HvN0tXvc38U9m6z/t2RsVsnd1zM0g==",
			"dev": true,
			"dependencies": {
				"@types/history": "^4.7.11",
				"@types/react": "*"
			}
		},
		"node_modules/@types/react-router-dom": {
			"version": "5.3.3",
			"resolved": "https://registry.npmjs.org/@types/react-router-dom/-/react-router-dom-5.3.3.tgz",
			"integrity": "sha512-kpqnYK4wcdm5UaWI3fLcELopqLrHgLqNsdpHauzlQktfkHL3npOSwtj1Uz9oKBAzs7lFtVkV8j83voAz2D8fhw==",
			"dev": true,
			"dependencies": {
				"@types/history": "^4.7.11",
				"@types/react": "*",
				"@types/react-router": "*"
			}
		},
		"node_modules/@types/react-transition-group": {
			"version": "4.4.4",
			"resolved": "https://registry.npmjs.org/@types/react-transition-group/-/react-transition-group-4.4.4.tgz",
			"integrity": "sha512-7gAPz7anVK5xzbeQW9wFBDg7G++aPLAFY0QaSMOou9rJZpbuI58WAuJrgu+qR92l61grlnCUe7AFX8KGahAgug==",
			"dependencies": {
				"@types/react": "*"
			}
		},
		"node_modules/@types/scheduler": {
			"version": "0.16.2",
			"resolved": "https://registry.npmjs.org/@types/scheduler/-/scheduler-0.16.2.tgz",
			"integrity": "sha512-hppQEBDmlwhFAXKJX2KnWLYu5yMfi91yazPb2l+lbJiwW+wdo1gNeRA+3RgNSO39WYX2euey41KEwnqesU2Jew=="
		},
		"node_modules/clsx": {
			"version": "1.1.1",
			"resolved": "https://registry.npmjs.org/clsx/-/clsx-1.1.1.tgz",
			"integrity": "sha512-6/bPho624p3S2pMyvP5kKBPXnI3ufHLObBFCfgx+LkeR5lg2XYy2hqZqUf45ypD8COn2bhgGJSUE+l5dhNBieA==",
			"engines": {
				"node": ">=6"
			}
		},
		"node_modules/csstype": {
			"version": "3.0.11",
			"resolved": "https://registry.npmjs.org/csstype/-/csstype-3.0.11.tgz",
			"integrity": "sha512-sa6P2wJ+CAbgyy4KFssIb/JNMLxFvKF1pCYCSXS8ZMuqZnMsrxqI2E5sPyoTpxoPU/gVZMzr2zjOfg8GIZOMsw=="
		},
		"node_modules/dom-helpers": {
			"version": "5.2.1",
			"resolved": "https://registry.npmjs.org/dom-helpers/-/dom-helpers-5.2.1.tgz",
			"integrity": "sha512-nRCa7CK3VTrM2NmGkIy4cbK7IZlgBE/PYMn55rrXefr5xXDP0LdtfPnblFDoVdcAfslJ7or6iqAUnx0CCGIWQA==",
			"dependencies": {
				"@babel/runtime": "^7.8.7",
				"csstype": "^3.0.2"
			}
		},
		"node_modules/history": {
			"version": "4.10.1",
			"resolved": "https://registry.npmjs.org/history/-/history-4.10.1.tgz",
			"integrity": "sha512-36nwAD620w12kuzPAsyINPWJqlNbij+hpK1k9XRloDtym8mxzGYl2c17LnV6IAGB2Dmg4tEa7G7DlawS0+qjew==",
			"dependencies": {
				"@babel/runtime": "^7.1.2",
				"loose-envify": "^1.2.0",
				"resolve-pathname": "^3.0.0",
				"tiny-invariant": "^1.0.2",
				"tiny-warning": "^1.0.0",
				"value-equal": "^1.0.1"
			}
		},
		"node_modules/hoist-non-react-statics": {
			"version": "3.3.2",
			"resolved": "https://registry.npmjs.org/hoist-non-react-statics/-/hoist-non-react-statics-3.3.2.tgz",
			"integrity": "sha512-/gGivxi8JPKWNm/W0jSmzcMPpfpPLc3dY/6GxhX2hQ9iGj3aDfklV4ET7NjKpSinLpJ5vafa9iiGIEZg10SfBw==",
			"dependencies": {
				"react-is": "^16.7.0"
			}
		},
		"node_modules/hoist-non-react-statics/node_modules/react-is": {
			"version": "16.13.1",
			"resolved": "https://registry.npmjs.org/react-is/-/react-is-16.13.1.tgz",
			"integrity": "sha512-24e6ynE2H+OKt4kqsOvNd8kBpV65zoxbA4BVsEOB3ARVWQki/DHzaUoC5KuON/BiccDaCCTZBuOcfZs70kR8bQ=="
		},
		"node_modules/isarray": {
			"version": "0.0.1",
			"resolved": "https://registry.npmjs.org/isarray/-/isarray-0.0.1.tgz",
			"integrity": "sha1-ihis/Kmo9Bd+Cav8YDiTmwXR7t8="
		},
		"node_modules/js-tokens": {
			"version": "4.0.0",
			"resolved": "https://registry.npmjs.org/js-tokens/-/js-tokens-4.0.0.tgz",
			"integrity": "sha512-RdJUflcE3cUzKiMqQgsCu06FPu9UdIJO0beYbPhHN4k6apgJtifcoCtT9bcxOpYBtpD2kCM6Sbzg4CausW/PKQ=="
		},
		"node_modules/loose-envify": {
			"version": "1.4.0",
			"resolved": "https://registry.npmjs.org/loose-envify/-/loose-envify-1.4.0.tgz",
			"integrity": "sha512-lyuxPGr/Wfhrlem2CL/UcnUc1zcqKAImBDzukY7Y5F/yQiNdko6+fRLevlw1HgMySw7f611UIY408EtxRSoK3Q==",
			"dependencies": {
				"js-tokens": "^3.0.0 || ^4.0.0"
			},
			"bin": {
				"loose-envify": "cli.js"
			}
		},
		"node_modules/object-assign": {
			"version": "4.1.1",
			"resolved": "https://registry.npmjs.org/object-assign/-/object-assign-4.1.1.tgz",
			"integrity": "sha1-IQmtx5ZYh8/AXLvUQsrIv7s2CGM=",
			"engines": {
				"node": ">=0.10.0"
			}
		},
		"node_modules/path-to-regexp": {
			"version": "1.8.0",
			"resolved": "https://registry.npmjs.org/path-to-regexp/-/path-to-regexp-1.8.0.tgz",
			"integrity": "sha512-n43JRhlUKUAlibEJhPeir1ncUID16QnEjNpwzNdO3Lm4ywrBpBZ5oLD0I6br9evr1Y9JTqwRtAh7JLoOzAQdVA==",
			"dependencies": {
				"isarray": "0.0.1"
			}
		},
		"node_modules/prop-types": {
			"version": "15.8.1",
			"resolved": "https://registry.npmjs.org/prop-types/-/prop-types-15.8.1.tgz",
			"integrity": "sha512-oj87CgZICdulUohogVAR7AjlC0327U4el4L6eAvOqCeudMDVU0NThNaV+b9Df4dXgSP1gXMTnPdhfe/2qDH5cg==",
			"dependencies": {
				"loose-envify": "^1.4.0",
				"object-assign": "^4.1.1",
				"react-is": "^16.13.1"
			}
		},
		"node_modules/prop-types/node_modules/react-is": {
			"version": "16.13.1",
			"resolved": "https://registry.npmjs.org/react-is/-/react-is-16.13.1.tgz",
			"integrity": "sha512-24e6ynE2H+OKt4kqsOvNd8kBpV65zoxbA4BVsEOB3ARVWQki/DHzaUoC5KuON/BiccDaCCTZBuOcfZs70kR8bQ=="
		},
		"node_modules/react": {
			"version": "18.2.0",
			"resolved": "https://registry.npmjs.org/react/-/react-18.2.0.tgz",
			"integrity": "sha512-/3IjMdb2L9QbBdWiW5e3P2/npwMBaU9mHCSCUzNln0ZCYbcfTsGbTJrU/kGemdH2IWmB2ioZ+zkxtmq6g09fGQ==",
			"dependencies": {
				"loose-envify": "^1.1.0"
			},
			"engines": {
				"node": ">=0.10.0"
			}
		},
		"node_modules/react-dom": {
			"version": "18.2.0",
			"resolved": "https://registry.npmjs.org/react-dom/-/react-dom-18.2.0.tgz",
			"integrity": "sha512-6IMTriUmvsjHUjNtEDudZfuDQUoWXVxKHhlEGSk81n4YFS+r/Kl99wXiwlVXtPBtJenozv2P+hxDsw9eA7Xo6g==",
			"dependencies": {
				"loose-envify": "^1.1.0",
				"scheduler": "^0.23.0"
			},
			"peerDependencies": {
				"react": "^18.2.0"
			}
		},
		"node_modules/react-fast-compare": {
			"version": "3.2.0",
			"resolved": "https://registry.npmjs.org/react-fast-compare/-/react-fast-compare-3.2.0.tgz",
			"integrity": "sha512-rtGImPZ0YyLrscKI9xTpV8psd6I8VAtjKCzQDlzyDvqJA8XOW78TXYQwNRNd8g8JZnDu8q9Fu/1v4HPAVwVdHA==",
			"peer": true
		},
		"node_modules/react-helmet": {
			"version": "6.1.0",
			"resolved": "https://registry.npmjs.org/react-helmet/-/react-helmet-6.1.0.tgz",
			"integrity": "sha512-4uMzEY9nlDlgxr61NL3XbKRy1hEkXmKNXhjbAIOVw5vcFrsdYbH2FEwcNyWvWinl103nXgzYNlns9ca+8kFiWw==",
			"peer": true,
			"dependencies": {
				"object-assign": "^4.1.1",
				"prop-types": "^15.7.2",
				"react-fast-compare": "^3.1.1",
				"react-side-effect": "^2.1.0"
			},
			"peerDependencies": {
				"react": ">=16.3.0"
			}
		},
		"node_modules/react-is": {
			"version": "17.0.2",
			"resolved": "https://registry.npmjs.org/react-is/-/react-is-17.0.2.tgz",
			"integrity": "sha512-w2GsyukL62IJnlaff/nRegPQR94C/XXamvMWmSHRJ4y7Ts/4ocGRmTHvOs8PSE6pB3dWOrD/nueuU5sduBsQ4w=="
		},
		"node_modules/react-router": {
			"version": "5.3.1",
			"resolved": "https://registry.npmjs.org/react-router/-/react-router-5.3.1.tgz",
			"integrity": "sha512-v+zwjqb7bakqgF+wMVKlAPTca/cEmPOvQ9zt7gpSNyPXau1+0qvuYZ5BWzzNDP1y6s15zDwgb9rPN63+SIniRQ==",
			"dependencies": {
				"@babel/runtime": "^7.12.13",
				"history": "^4.9.0",
				"hoist-non-react-statics": "^3.1.0",
				"loose-envify": "^1.3.1",
				"mini-create-react-context": "^0.4.0",
				"path-to-regexp": "^1.7.0",
				"prop-types": "^15.6.2",
				"react-is": "^16.6.0",
				"tiny-invariant": "^1.0.2",
				"tiny-warning": "^1.0.0"
			},
			"peerDependencies": {
				"react": ">=15"
			}
		},
		"node_modules/react-router-dom": {
			"version": "5.3.1",
			"resolved": "https://registry.npmjs.org/react-router-dom/-/react-router-dom-5.3.1.tgz",
			"integrity": "sha512-f0pj/gMAbv9e8gahTmCEY20oFhxhrmHwYeIwH5EO5xu0qme+wXtsdB8YfUOAZzUz4VaXmb58m3ceiLtjMhqYmQ==",
			"dependencies": {
				"@babel/runtime": "^7.12.13",
				"history": "^4.9.0",
				"loose-envify": "^1.3.1",
				"prop-types": "^15.6.2",
				"react-router": "5.3.1",
				"tiny-invariant": "^1.0.2",
				"tiny-warning": "^1.0.0"
			},
			"peerDependencies": {
				"react": ">=15"
			}
		},
		"node_modules/react-router/node_modules/mini-create-react-context": {
			"version": "0.4.1",
			"resolved": "https://registry.npmjs.org/mini-create-react-context/-/mini-create-react-context-0.4.1.tgz",
			"integrity": "sha512-YWCYEmd5CQeHGSAKrYvXgmzzkrvssZcuuQDDeqkT+PziKGMgE+0MCCtcKbROzocGBG1meBLl2FotlRwf4gAzbQ==",
			"deprecated": "Package no longer supported. Contact Support at https://www.npmjs.com/support for more info.",
			"dependencies": {
				"@babel/runtime": "^7.12.1",
				"tiny-warning": "^1.0.3"
			},
			"peerDependencies": {
				"prop-types": "^15.0.0",
				"react": "^0.14.0 || ^15.0.0 || ^16.0.0 || ^17.0.0"
			}
		},
		"node_modules/react-router/node_modules/react-is": {
			"version": "16.13.1",
			"resolved": "https://registry.npmjs.org/react-is/-/react-is-16.13.1.tgz",
			"integrity": "sha512-24e6ynE2H+OKt4kqsOvNd8kBpV65zoxbA4BVsEOB3ARVWQki/DHzaUoC5KuON/BiccDaCCTZBuOcfZs70kR8bQ=="
		},
		"node_modules/react-side-effect": {
			"version": "2.1.2",
			"resolved": "https://registry.npmjs.org/react-side-effect/-/react-side-effect-2.1.2.tgz",
			"integrity": "sha512-PVjOcvVOyIILrYoyGEpDN3vmYNLdy1CajSFNt4TDsVQC5KpTijDvWVoR+/7Rz2xT978D8/ZtFceXxzsPwZEDvw==",
			"peer": true,
			"peerDependencies": {
				"react": "^16.3.0 || ^17.0.0 || ^18.0.0"
			}
		},
		"node_modules/react-transition-group": {
			"version": "4.4.5",
			"resolved": "https://registry.npmjs.org/react-transition-group/-/react-transition-group-4.4.5.tgz",
			"integrity": "sha512-pZcd1MCJoiKiBR2NRxeCRg13uCXbydPnmB4EOeRrY7480qNWO8IIgQG6zlDkm6uRMsURXPuKq0GWtiM59a5Q6g==",
			"dependencies": {
				"@babel/runtime": "^7.5.5",
				"dom-helpers": "^5.0.1",
				"loose-envify": "^1.4.0",
				"prop-types": "^15.6.2"
			},
			"peerDependencies": {
				"react": ">=16.6.0",
				"react-dom": ">=16.6.0"
			}
		},
		"node_modules/react-uid": {
			"version": "2.3.2",
			"resolved": "https://registry.npmjs.org/react-uid/-/react-uid-2.3.2.tgz",
			"integrity": "sha512-oeaoT4YOjsqHdrEJoO8SONNNBsoGh7AJPbsNqRK6Dv8UMdctWxA4ncj9gAA/Odki5g0GZaDSR7HydBJ8HxwgNg==",
			"peer": true,
			"dependencies": {
				"tslib": "^2.0.0"
			},
			"engines": {
				"node": ">=12"
			},
			"peerDependencies": {
				"@types/react": "^16.8.0 || ^17.0.0 || ^18.0.0",
				"react": "^16.8.0 || ^17.0.0 || ^18.0.0"
			},
			"peerDependenciesMeta": {
				"@types/react": {
					"optional": true
				}
			}
		},
		"node_modules/regenerator-runtime": {
			"version": "0.13.9",
			"resolved": "https://registry.npmjs.org/regenerator-runtime/-/regenerator-runtime-0.13.9.tgz",
			"integrity": "sha512-p3VT+cOEgxFsRRA9X4lkI1E+k2/CtnKtU4gcxyaCUreilL/vqI6CdZ3wxVUx3UOUg+gnUOQQcRI7BmSI656MYA=="
		},
		"node_modules/resolve-pathname": {
			"version": "3.0.0",
			"resolved": "https://registry.npmjs.org/resolve-pathname/-/resolve-pathname-3.0.0.tgz",
			"integrity": "sha512-C7rARubxI8bXFNB/hqcp/4iUeIXJhJZvFPFPiSPRnhU5UPxzMFIl+2E6yY6c4k9giDJAhtV+enfA+G89N6Csng=="
		},
		"node_modules/scheduler": {
			"version": "0.23.0",
			"resolved": "https://registry.npmjs.org/scheduler/-/scheduler-0.23.0.tgz",
			"integrity": "sha512-CtuThmgHNg7zIZWAXi3AsyIzA3n4xx7aNyjwC2VJldO2LMVDhFK+63xGqq6CsJH4rTAt6/M+N4GhZiDYPx9eUw==",
			"dependencies": {
				"loose-envify": "^1.1.0"
			}
		},
		"node_modules/stylis": {
			"version": "4.0.13",
			"resolved": "https://registry.npmjs.org/stylis/-/stylis-4.0.13.tgz",
			"integrity": "sha512-xGPXiFVl4YED9Jh7Euv2V220mriG9u4B2TA6Ybjc1catrstKD2PpIdU3U0RKpkVBC2EhmL/F0sPCr9vrFTNRag=="
		},
		"node_modules/tiny-invariant": {
			"version": "1.2.0",
			"resolved": "https://registry.npmjs.org/tiny-invariant/-/tiny-invariant-1.2.0.tgz",
			"integrity": "sha512-1Uhn/aqw5C6RI4KejVeTg6mIS7IqxnLJ8Mv2tV5rTc0qWobay7pDUz6Wi392Cnc8ak1H0F2cjoRzb2/AW4+Fvg=="
		},
		"node_modules/tiny-warning": {
			"version": "1.0.3",
			"resolved": "https://registry.npmjs.org/tiny-warning/-/tiny-warning-1.0.3.tgz",
			"integrity": "sha512-lBN9zLN/oAf68o3zNXYrdCt1kP8WsiGW8Oo2ka41b2IM5JL/S1CTyX1rW0mb/zSuJun0ZUrDxx4sqvYS2FWzPA=="
		},
		"node_modules/tslib": {
			"version": "2.4.0",
			"resolved": "https://registry.npmjs.org/tslib/-/tslib-2.4.0.tgz",
			"integrity": "sha512-d6xOpEDfsi2CZVlPQzGeux8XMwLT9hssAsaPYExaQMuYskwb+x1x7J371tWlbBdWHroy99KnVB6qIkUbs5X3UQ==",
			"peer": true
		},
		"node_modules/value-equal": {
			"version": "1.0.1",
			"resolved": "https://registry.npmjs.org/value-equal/-/value-equal-1.0.1.tgz",
			"integrity": "sha512-NOJ6JZCAWr0zlxZt+xqCHNTEKOsrks2HQd4MqhP1qy4z1SkbEP467eNx6TgDKXMvUOb+OENfJCZwM+16n7fRfw=="
		}
	},
	"dependencies": {
		"@babel/runtime": {
			"version": "7.17.9",
			"resolved": "https://registry.npmjs.org/@babel/runtime/-/runtime-7.17.9.tgz",
			"integrity": "sha512-lSiBBvodq29uShpWGNbgFdKYNiFDo5/HIYsaCEY9ff4sb10x9jizo2+pRrSyF4jKZCXqgzuqBOQKbUm90gQwJg==",
			"requires": {
				"regenerator-runtime": "^0.13.4"
			}
		},
		"@control-ui/kit": {
			"version": "0.0.24",
			"resolved": "https://registry.npmjs.org/@control-ui/kit/-/kit-0.0.24.tgz",
			"integrity": "sha512-IfyPhpJv48X9z9Ucb6Rd4CpKoYOYWvUK/Eh8wrnVoJ/uzjxCFYWQL7YYWLer/FsYRQ4tcEkpRsY6WhCdcCwA+w==",
			"peer": true,
			"requires": {
				"@control-ui/routes": "~0.0.1",
				"clsx": "^1.0",
				"react-helmet": "^6.1.0",
				"react-uid": "^2.0"
			}
		},
		"@control-ui/routes": {
			"version": "0.0.6",
			"resolved": "https://registry.npmjs.org/@control-ui/routes/-/routes-0.0.6.tgz",
			"integrity": "sha512-YMABE2/QG61ZnRwOi/yUKWBzOSU0Zgt+OGa22tjzx5cfDivFlMGYDm66lXeu3+YMFyY+K75rvfiBXyEDteZplA==",
			"peer": true,
			"requires": {}
		},
		"@emotion/cache": {
			"version": "11.7.1",
			"resolved": "https://registry.npmjs.org/@emotion/cache/-/cache-11.7.1.tgz",
			"integrity": "sha512-r65Zy4Iljb8oyjtLeCuBH8Qjiy107dOYC6SJq7g7GV5UCQWMObY4SJDPGFjiiVpPrOJ2hmJOoBiYTC7hwx9E2A==",
			"requires": {
				"@emotion/memoize": "^0.7.4",
				"@emotion/sheet": "^1.1.0",
				"@emotion/utils": "^1.0.0",
				"@emotion/weak-memoize": "^0.2.5",
				"stylis": "4.0.13"
			}
		},
		"@emotion/is-prop-valid": {
			"version": "1.2.0",
			"resolved": "https://registry.npmjs.org/@emotion/is-prop-valid/-/is-prop-valid-1.2.0.tgz",
			"integrity": "sha512-3aDpDprjM0AwaxGE09bOPkNxHpBd+kA6jty3RnaEXdweX1DF1U3VQpPYb0g1IStAuK7SVQ1cy+bNBBKp4W3Fjg==",
			"requires": {
				"@emotion/memoize": "^0.8.0"
			},
			"dependencies": {
				"@emotion/memoize": {
					"version": "0.8.0",
					"resolved": "https://registry.npmjs.org/@emotion/memoize/-/memoize-0.8.0.tgz",
					"integrity": "sha512-G/YwXTkv7Den9mXDO7AhLWkE3q+I92B+VqAE+dYG4NGPaHZGvt3G8Q0p9vmE+sq7rTGphUbAvmQ9YpbfMQGGlA=="
				}
			}
		},
		"@emotion/memoize": {
			"version": "0.7.5",
			"resolved": "https://registry.npmjs.org/@emotion/memoize/-/memoize-0.7.5.tgz",
			"integrity": "sha512-igX9a37DR2ZPGYtV6suZ6whr8pTFtyHL3K/oLUotxpSVO2ASaprmAe2Dkq7tBo7CRY7MMDrAa9nuQP9/YG8FxQ=="
		},
		"@emotion/sheet": {
			"version": "1.1.0",
			"resolved": "https://registry.npmjs.org/@emotion/sheet/-/sheet-1.1.0.tgz",
			"integrity": "sha512-u0AX4aSo25sMAygCuQTzS+HsImZFuS8llY8O7b9MDRzbJM0kVJlAz6KNDqcG7pOuQZJmj/8X/rAW+66kMnMW+g=="
		},
		"@emotion/utils": {
			"version": "1.1.0",
			"resolved": "https://registry.npmjs.org/@emotion/utils/-/utils-1.1.0.tgz",
			"integrity": "sha512-iRLa/Y4Rs5H/f2nimczYmS5kFJEbpiVvgN3XVfZ022IYhuNA1IRSHEizcof88LtCTXtl9S2Cxt32KgaXEu72JQ=="
		},
		"@emotion/weak-memoize": {
			"version": "0.2.5",
			"resolved": "https://registry.npmjs.org/@emotion/weak-memoize/-/weak-memoize-0.2.5.tgz",
			"integrity": "sha512-6U71C2Wp7r5XtFtQzYrW5iKFT67OixrSxjI4MptCHzdSVlgabczzqLe0ZSgnub/5Kp4hSbpDB1tMytZY9pwxxA=="
		},
		"@mui/base": {
			"version": "5.0.0-alpha.79",
			"resolved": "https://registry.npmjs.org/@mui/base/-/base-5.0.0-alpha.79.tgz",
			"integrity": "sha512-/lZLF027BkiEjM8MIYoeS/FEhTKf+41ePU9SOijMGrCin1Y0Igucw+IHa1fF8HXD7wDbFKqHuso3J1jMG8wyNw==",
			"requires": {
				"@babel/runtime": "^7.17.2",
				"@emotion/is-prop-valid": "^1.1.2",
				"@mui/types": "^7.1.3",
				"@mui/utils": "^5.6.1",
				"@popperjs/core": "^2.11.5",
				"clsx": "^1.1.1",
				"prop-types": "^15.7.2",
				"react-is": "^17.0.2"
			}
		},
		"@mui/icons-material": {
			"version": "5.6.2",
			"resolved": "https://registry.npmjs.org/@mui/icons-material/-/icons-material-5.6.2.tgz",
			"integrity": "sha512-9QdI7axKuBAyaGz4mtdi7Uy1j73/thqFmEuxpJHxNC7O8ADEK1Da3t2veK2tgmsXsUlAHcAG63gg+GvWWeQNqQ==",
			"requires": {
				"@babel/runtime": "^7.17.2"
			}
		},
		"@mui/material": {
			"version": "5.6.4",
			"resolved": "https://registry.npmjs.org/@mui/material/-/material-5.6.4.tgz",
			"integrity": "sha512-7TD+u/SExZK2a55w6reX56oPk37gKr/M/XGt156X+m0d9LhzOsW864nkErIX/H8oSkX/6kCimxu1FDsO+gjiVw==",
			"requires": {
				"@babel/runtime": "^7.17.2",
				"@mui/base": "5.0.0-alpha.79",
				"@mui/system": "^5.6.4",
				"@mui/types": "^7.1.3",
				"@mui/utils": "^5.6.1",
				"@types/react-transition-group": "^4.4.4",
				"clsx": "^1.1.1",
				"csstype": "^3.0.11",
				"hoist-non-react-statics": "^3.3.2",
				"prop-types": "^15.7.2",
				"react-is": "^17.0.2",
				"react-transition-group": "^4.4.2"
			}
		},
		"@mui/private-theming": {
			"version": "5.6.2",
			"resolved": "https://registry.npmjs.org/@mui/private-theming/-/private-theming-5.6.2.tgz",
			"integrity": "sha512-IbrSfFXfiZdyhRMC2bgGTFtb16RBQ5mccmjeh3MtAERWuepiCK7gkW5D9WhEsfTu6iez+TEjeUKSgmMHlsM2mg==",
			"requires": {
				"@babel/runtime": "^7.17.2",
				"@mui/utils": "^5.6.1",
				"prop-types": "^15.7.2"
			}
		},
		"@mui/styled-engine": {
			"version": "5.6.1",
			"resolved": "https://registry.npmjs.org/@mui/styled-engine/-/styled-engine-5.6.1.tgz",
			"integrity": "sha512-jEhH6TBY8jc9S8yVncXmoTYTbATjEu44RMFXj6sIYfKr5NArVwTwRo3JexLL0t3BOAiYM4xsFLgfKEIvB9SAeQ==",
			"requires": {
				"@babel/runtime": "^7.17.2",
				"@emotion/cache": "^11.7.1",
				"prop-types": "^15.7.2"
			}
		},
		"@mui/system": {
			"version": "5.6.4",
			"resolved": "https://registry.npmjs.org/@mui/system/-/system-5.6.4.tgz",
			"integrity": "sha512-7rsWED1wMFMePySJobsBerFZNu7ga580QSi3Zd6sJR8nVj12qD3yIdfvxA70/PxJ/805KbIT0GX7edKI+hpyhA==",
			"requires": {
				"@babel/runtime": "^7.17.2",
				"@mui/private-theming": "^5.6.2",
				"@mui/styled-engine": "^5.6.1",
				"@mui/types": "^7.1.3",
				"@mui/utils": "^5.6.1",
				"clsx": "^1.1.1",
				"csstype": "^3.0.11",
				"prop-types": "^15.7.2"
			}
		},
		"@mui/types": {
			"version": "7.1.3",
			"resolved": "https://registry.npmjs.org/@mui/types/-/types-7.1.3.tgz",
			"integrity": "sha512-DDF0UhMBo4Uezlk+6QxrlDbchF79XG6Zs0zIewlR4c0Dt6GKVFfUtzPtHCH1tTbcSlq/L2bGEdiaoHBJ9Y1gSA==",
			"requires": {}
		},
		"@mui/utils": {
			"version": "5.6.1",
			"resolved": "https://registry.npmjs.org/@mui/utils/-/utils-5.6.1.tgz",
			"integrity": "sha512-CPrzrkiBusCZBLWu0Sg5MJvR3fKJyK3gKecLVX012LULyqg2U64Oz04BKhfkbtBrPBbSQxM+DWW9B1c9hmV9nQ==",
			"requires": {
				"@babel/runtime": "^7.17.2",
				"@types/prop-types": "^15.7.4",
				"@types/react-is": "^16.7.1 || ^17.0.0",
				"prop-types": "^15.7.2",
				"react-is": "^17.0.2"
			}
		},
		"@popperjs/core": {
			"version": "2.11.6",
			"resolved": "https://registry.npmjs.org/@popperjs/core/-/core-2.11.6.tgz",
			"integrity": "sha512-50/17A98tWUfQ176raKiOGXuYpLyyVMkxxG6oylzL3BPOlA6ADGdK7EYunSa4I064xerltq9TGXs8HmOk5E+vw=="
		},
		"@types/history": {
			"version": "4.7.11",
			"resolved": "https://registry.npmjs.org/@types/history/-/history-4.7.11.tgz",
			"integrity": "sha512-qjDJRrmvBMiTx+jyLxvLfJU7UznFuokDv4f3WRuriHKERccVpFU+8XMQUAbDzoiJCsmexxRExQeMwwCdamSKDA==",
			"dev": true
		},
		"@types/prop-types": {
			"version": "15.7.5",
			"resolved": "https://registry.npmjs.org/@types/prop-types/-/prop-types-15.7.5.tgz",
			"integrity": "sha512-JCB8C6SnDoQf0cNycqd/35A7MjcnK+ZTqE7judS6o7utxUCg6imJg3QK2qzHKszlTjcj2cn+NwMB2i96ubpj7w=="
		},
		"@types/react": {
			"version": "18.0.27",
			"resolved": "https://registry.npmjs.org/@types/react/-/react-18.0.27.tgz",
			"integrity": "sha512-3vtRKHgVxu3Jp9t718R9BuzoD4NcQ8YJ5XRzsSKxNDiDonD2MXIT1TmSkenxuCycZJoQT5d2vE8LwWJxBC1gmA==",
			"requires": {
				"@types/prop-types": "*",
				"@types/scheduler": "*",
				"csstype": "^3.0.2"
			}
		},
		"@types/react-is": {
			"version": "17.0.3",
			"resolved": "https://registry.npmjs.org/@types/react-is/-/react-is-17.0.3.tgz",
			"integrity": "sha512-aBTIWg1emtu95bLTLx0cpkxwGW3ueZv71nE2YFBpL8k/z5czEW8yYpOo8Dp+UUAFAtKwNaOsh/ioSeQnWlZcfw==",
			"requires": {
				"@types/react": "*"
			}
		},
		"@types/react-router": {
			"version": "5.1.18",
			"resolved": "https://registry.npmjs.org/@types/react-router/-/react-router-5.1.18.tgz",
			"integrity": "sha512-YYknwy0D0iOwKQgz9v8nOzt2J6l4gouBmDnWqUUznltOTaon+r8US8ky8HvN0tXvc38U9m6z/t2RsVsnd1zM0g==",
			"dev": true,
			"requires": {
				"@types/history": "^4.7.11",
				"@types/react": "*"
			}
		},
		"@types/react-router-dom": {
			"version": "5.3.3",
			"resolved": "https://registry.npmjs.org/@types/react-router-dom/-/react-router-dom-5.3.3.tgz",
			"integrity": "sha512-kpqnYK4wcdm5UaWI3fLcELopqLrHgLqNsdpHauzlQktfkHL3npOSwtj1Uz9oKBAzs7lFtVkV8j83voAz2D8fhw==",
			"dev": true,
			"requires": {
				"@types/history": "^4.7.11",
				"@types/react": "*",
				"@types/react-router": "*"
			}
		},
		"@types/react-transition-group": {
			"version": "4.4.4",
			"resolved": "https://registry.npmjs.org/@types/react-transition-group/-/react-transition-group-4.4.4.tgz",
			"integrity": "sha512-7gAPz7anVK5xzbeQW9wFBDg7G++aPLAFY0QaSMOou9rJZpbuI58WAuJrgu+qR92l61grlnCUe7AFX8KGahAgug==",
			"requires": {
				"@types/react": "*"
			}
		},
		"@types/scheduler": {
			"version": "0.16.2",
			"resolved": "https://registry.npmjs.org/@types/scheduler/-/scheduler-0.16.2.tgz",
			"integrity": "sha512-hppQEBDmlwhFAXKJX2KnWLYu5yMfi91yazPb2l+lbJiwW+wdo1gNeRA+3RgNSO39WYX2euey41KEwnqesU2Jew=="
		},
		"clsx": {
			"version": "1.1.1",
			"resolved": "https://registry.npmjs.org/clsx/-/clsx-1.1.1.tgz",
			"integrity": "sha512-6/bPho624p3S2pMyvP5kKBPXnI3ufHLObBFCfgx+LkeR5lg2XYy2hqZqUf45ypD8COn2bhgGJSUE+l5dhNBieA=="
		},
		"csstype": {
			"version": "3.0.11",
			"resolved": "https://registry.npmjs.org/csstype/-/csstype-3.0.11.tgz",
			"integrity": "sha512-sa6P2wJ+CAbgyy4KFssIb/JNMLxFvKF1pCYCSXS8ZMuqZnMsrxqI2E5sPyoTpxoPU/gVZMzr2zjOfg8GIZOMsw=="
		},
		"dom-helpers": {
			"version": "5.2.1",
			"resolved": "https://registry.npmjs.org/dom-helpers/-/dom-helpers-5.2.1.tgz",
			"integrity": "sha512-nRCa7CK3VTrM2NmGkIy4cbK7IZlgBE/PYMn55rrXefr5xXDP0LdtfPnblFDoVdcAfslJ7or6iqAUnx0CCGIWQA==",
			"requires": {
				"@babel/runtime": "^7.8.7",
				"csstype": "^3.0.2"
			}
		},
		"history": {
			"version": "4.10.1",
			"resolved": "https://registry.npmjs.org/history/-/history-4.10.1.tgz",
			"integrity": "sha512-36nwAD620w12kuzPAsyINPWJqlNbij+hpK1k9XRloDtym8mxzGYl2c17LnV6IAGB2Dmg4tEa7G7DlawS0+qjew==",
			"requires": {
				"@babel/runtime": "^7.1.2",
				"loose-envify": "^1.2.0",
				"resolve-pathname": "^3.0.0",
				"tiny-invariant": "^1.0.2",
				"tiny-warning": "^1.0.0",
				"value-equal": "^1.0.1"
			}
		},
		"hoist-non-react-statics": {
			"version": "3.3.2",
			"resolved": "https://registry.npmjs.org/hoist-non-react-statics/-/hoist-non-react-statics-3.3.2.tgz",
			"integrity": "sha512-/gGivxi8JPKWNm/W0jSmzcMPpfpPLc3dY/6GxhX2hQ9iGj3aDfklV4ET7NjKpSinLpJ5vafa9iiGIEZg10SfBw==",
			"requires": {
				"react-is": "^16.7.0"
			},
			"dependencies": {
				"react-is": {
					"version": "16.13.1",
					"resolved": "https://registry.npmjs.org/react-is/-/react-is-16.13.1.tgz",
					"integrity": "sha512-24e6ynE2H+OKt4kqsOvNd8kBpV65zoxbA4BVsEOB3ARVWQki/DHzaUoC5KuON/BiccDaCCTZBuOcfZs70kR8bQ=="
				}
			}
		},
		"isarray": {
			"version": "0.0.1",
			"resolved": "https://registry.npmjs.org/isarray/-/isarray-0.0.1.tgz",
			"integrity": "sha1-ihis/Kmo9Bd+Cav8YDiTmwXR7t8="
		},
		"js-tokens": {
			"version": "4.0.0",
			"resolved": "https://registry.npmjs.org/js-tokens/-/js-tokens-4.0.0.tgz",
			"integrity": "sha512-RdJUflcE3cUzKiMqQgsCu06FPu9UdIJO0beYbPhHN4k6apgJtifcoCtT9bcxOpYBtpD2kCM6Sbzg4CausW/PKQ=="
		},
		"loose-envify": {
			"version": "1.4.0",
			"resolved": "https://registry.npmjs.org/loose-envify/-/loose-envify-1.4.0.tgz",
			"integrity": "sha512-lyuxPGr/Wfhrlem2CL/UcnUc1zcqKAImBDzukY7Y5F/yQiNdko6+fRLevlw1HgMySw7f611UIY408EtxRSoK3Q==",
			"requires": {
				"js-tokens": "^3.0.0 || ^4.0.0"
			}
		},
		"object-assign": {
			"version": "4.1.1",
			"resolved": "https://registry.npmjs.org/object-assign/-/object-assign-4.1.1.tgz",
			"integrity": "sha1-IQmtx5ZYh8/AXLvUQsrIv7s2CGM="
		},
		"path-to-regexp": {
			"version": "1.8.0",
			"resolved": "https://registry.npmjs.org/path-to-regexp/-/path-to-regexp-1.8.0.tgz",
			"integrity": "sha512-n43JRhlUKUAlibEJhPeir1ncUID16QnEjNpwzNdO3Lm4ywrBpBZ5oLD0I6br9evr1Y9JTqwRtAh7JLoOzAQdVA==",
			"requires": {
				"isarray": "0.0.1"
			}
		},
		"prop-types": {
			"version": "15.8.1",
			"resolved": "https://registry.npmjs.org/prop-types/-/prop-types-15.8.1.tgz",
			"integrity": "sha512-oj87CgZICdulUohogVAR7AjlC0327U4el4L6eAvOqCeudMDVU0NThNaV+b9Df4dXgSP1gXMTnPdhfe/2qDH5cg==",
			"requires": {
				"loose-envify": "^1.4.0",
				"object-assign": "^4.1.1",
				"react-is": "^16.13.1"
			},
			"dependencies": {
				"react-is": {
					"version": "16.13.1",
					"resolved": "https://registry.npmjs.org/react-is/-/react-is-16.13.1.tgz",
					"integrity": "sha512-24e6ynE2H+OKt4kqsOvNd8kBpV65zoxbA4BVsEOB3ARVWQki/DHzaUoC5KuON/BiccDaCCTZBuOcfZs70kR8bQ=="
				}
			}
		},
		"react": {
			"version": "18.2.0",
			"resolved": "https://registry.npmjs.org/react/-/react-18.2.0.tgz",
			"integrity": "sha512-/3IjMdb2L9QbBdWiW5e3P2/npwMBaU9mHCSCUzNln0ZCYbcfTsGbTJrU/kGemdH2IWmB2ioZ+zkxtmq6g09fGQ==",
			"requires": {
				"loose-envify": "^1.1.0"
			}
		},
		"react-dom": {
			"version": "18.2.0",
			"resolved": "https://registry.npmjs.org/react-dom/-/react-dom-18.2.0.tgz",
			"integrity": "sha512-6IMTriUmvsjHUjNtEDudZfuDQUoWXVxKHhlEGSk81n4YFS+r/Kl99wXiwlVXtPBtJenozv2P+hxDsw9eA7Xo6g==",
			"requires": {
				"loose-envify": "^1.1.0",
				"scheduler": "^0.23.0"
			}
		},
		"react-fast-compare": {
			"version": "3.2.0",
			"resolved": "https://registry.npmjs.org/react-fast-compare/-/react-fast-compare-3.2.0.tgz",
			"integrity": "sha512-rtGImPZ0YyLrscKI9xTpV8psd6I8VAtjKCzQDlzyDvqJA8XOW78TXYQwNRNd8g8JZnDu8q9Fu/1v4HPAVwVdHA==",
			"peer": true
		},
		"react-helmet": {
			"version": "6.1.0",
			"resolved": "https://registry.npmjs.org/react-helmet/-/react-helmet-6.1.0.tgz",
			"integrity": "sha512-4uMzEY9nlDlgxr61NL3XbKRy1hEkXmKNXhjbAIOVw5vcFrsdYbH2FEwcNyWvWinl103nXgzYNlns9ca+8kFiWw==",
			"peer": true,
			"requires": {
				"object-assign": "^4.1.1",
				"prop-types": "^15.7.2",
				"react-fast-compare": "^3.1.1",
				"react-side-effect": "^2.1.0"
			}
		},
		"react-is": {
			"version": "17.0.2",
			"resolved": "https://registry.npmjs.org/react-is/-/react-is-17.0.2.tgz",
			"integrity": "sha512-w2GsyukL62IJnlaff/nRegPQR94C/XXamvMWmSHRJ4y7Ts/4ocGRmTHvOs8PSE6pB3dWOrD/nueuU5sduBsQ4w=="
		},
		"react-router": {
			"version": "5.3.1",
			"resolved": "https://registry.npmjs.org/react-router/-/react-router-5.3.1.tgz",
			"integrity": "sha512-v+zwjqb7bakqgF+wMVKlAPTca/cEmPOvQ9zt7gpSNyPXau1+0qvuYZ5BWzzNDP1y6s15zDwgb9rPN63+SIniRQ==",
			"requires": {
				"@babel/runtime": "^7.12.13",
				"history": "^4.9.0",
				"hoist-non-react-statics": "^3.1.0",
				"loose-envify": "^1.3.1",
				"mini-create-react-context": "^0.4.0",
				"path-to-regexp": "^1.7.0",
				"prop-types": "^15.6.2",
				"react-is": "^16.6.0",
				"tiny-invariant": "^1.0.2",
				"tiny-warning": "^1.0.0"
			},
			"dependencies": {
				"mini-create-react-context": {
					"version": "0.4.1",
					"resolved": "https://registry.npmjs.org/mini-create-react-context/-/mini-create-react-context-0.4.1.tgz",
					"integrity": "sha512-YWCYEmd5CQeHGSAKrYvXgmzzkrvssZcuuQDDeqkT+PziKGMgE+0MCCtcKbROzocGBG1meBLl2FotlRwf4gAzbQ==",
					"requires": {
						"@babel/runtime": "^7.12.1",
						"tiny-warning": "^1.0.3"
					}
				},
				"react-is": {
					"version": "16.13.1",
					"resolved": "https://registry.npmjs.org/react-is/-/react-is-16.13.1.tgz",
					"integrity": "sha512-24e6ynE2H+OKt4kqsOvNd8kBpV65zoxbA4BVsEOB3ARVWQki/DHzaUoC5KuON/BiccDaCCTZBuOcfZs70kR8bQ=="
				}
			}
		},
		"react-router-dom": {
			"version": "5.3.1",
			"resolved": "https://registry.npmjs.org/react-router-dom/-/react-router-dom-5.3.1.tgz",
			"integrity": "sha512-f0pj/gMAbv9e8gahTmCEY20oFhxhrmHwYeIwH5EO5xu0qme+wXtsdB8YfUOAZzUz4VaXmb58m3ceiLtjMhqYmQ==",
			"requires": {
				"@babel/runtime": "^7.12.13",
				"history": "^4.9.0",
				"loose-envify": "^1.3.1",
				"prop-types": "^15.6.2",
				"react-router": "5.3.1",
				"tiny-invariant": "^1.0.2",
				"tiny-warning": "^1.0.0"
			}
		},
		"react-side-effect": {
			"version": "2.1.2",
			"resolved": "https://registry.npmjs.org/react-side-effect/-/react-side-effect-2.1.2.tgz",
			"integrity": "sha512-PVjOcvVOyIILrYoyGEpDN3vmYNLdy1CajSFNt4TDsVQC5KpTijDvWVoR+/7Rz2xT978D8/ZtFceXxzsPwZEDvw==",
			"peer": true,
			"requires": {}
		},
		"react-transition-group": {
			"version": "4.4.5",
			"resolved": "https://registry.npmjs.org/react-transition-group/-/react-transition-group-4.4.5.tgz",
			"integrity": "sha512-pZcd1MCJoiKiBR2NRxeCRg13uCXbydPnmB4EOeRrY7480qNWO8IIgQG6zlDkm6uRMsURXPuKq0GWtiM59a5Q6g==",
			"requires": {
				"@babel/runtime": "^7.5.5",
				"dom-helpers": "^5.0.1",
				"loose-envify": "^1.4.0",
				"prop-types": "^15.6.2"
			}
		},
		"react-uid": {
			"version": "2.3.2",
			"resolved": "https://registry.npmjs.org/react-uid/-/react-uid-2.3.2.tgz",
			"integrity": "sha512-oeaoT4YOjsqHdrEJoO8SONNNBsoGh7AJPbsNqRK6Dv8UMdctWxA4ncj9gAA/Odki5g0GZaDSR7HydBJ8HxwgNg==",
			"peer": true,
			"requires": {
				"tslib": "^2.0.0"
			}
		},
		"regenerator-runtime": {
			"version": "0.13.9",
			"resolved": "https://registry.npmjs.org/regenerator-runtime/-/regenerator-runtime-0.13.9.tgz",
			"integrity": "sha512-p3VT+cOEgxFsRRA9X4lkI1E+k2/CtnKtU4gcxyaCUreilL/vqI6CdZ3wxVUx3UOUg+gnUOQQcRI7BmSI656MYA=="
		},
		"resolve-pathname": {
			"version": "3.0.0",
			"resolved": "https://registry.npmjs.org/resolve-pathname/-/resolve-pathname-3.0.0.tgz",
			"integrity": "sha512-C7rARubxI8bXFNB/hqcp/4iUeIXJhJZvFPFPiSPRnhU5UPxzMFIl+2E6yY6c4k9giDJAhtV+enfA+G89N6Csng=="
		},
		"scheduler": {
			"version": "0.23.0",
			"resolved": "https://registry.npmjs.org/scheduler/-/scheduler-0.23.0.tgz",
			"integrity": "sha512-CtuThmgHNg7zIZWAXi3AsyIzA3n4xx7aNyjwC2VJldO2LMVDhFK+63xGqq6CsJH4rTAt6/M+N4GhZiDYPx9eUw==",
			"requires": {
				"loose-envify": "^1.1.0"
			}
		},
		"stylis": {
			"version": "4.0.13",
			"resolved": "https://registry.npmjs.org/stylis/-/stylis-4.0.13.tgz",
			"integrity": "sha512-xGPXiFVl4YED9Jh7Euv2V220mriG9u4B2TA6Ybjc1catrstKD2PpIdU3U0RKpkVBC2EhmL/F0sPCr9vrFTNRag=="
		},
		"tiny-invariant": {
			"version": "1.2.0",
			"resolved": "https://registry.npmjs.org/tiny-invariant/-/tiny-invariant-1.2.0.tgz",
			"integrity": "sha512-1Uhn/aqw5C6RI4KejVeTg6mIS7IqxnLJ8Mv2tV5rTc0qWobay7pDUz6Wi392Cnc8ak1H0F2cjoRzb2/AW4+Fvg=="
		},
		"tiny-warning": {
			"version": "1.0.3",
			"resolved": "https://registry.npmjs.org/tiny-warning/-/tiny-warning-1.0.3.tgz",
			"integrity": "sha512-lBN9zLN/oAf68o3zNXYrdCt1kP8WsiGW8Oo2ka41b2IM5JL/S1CTyX1rW0mb/zSuJun0ZUrDxx4sqvYS2FWzPA=="
		},
		"tslib": {
			"version": "2.4.0",
			"resolved": "https://registry.npmjs.org/tslib/-/tslib-2.4.0.tgz",
			"integrity": "sha512-d6xOpEDfsi2CZVlPQzGeux8XMwLT9hssAsaPYExaQMuYskwb+x1x7J371tWlbBdWHroy99KnVB6qIkUbs5X3UQ==",
			"peer": true
		},
		"value-equal": {
			"version": "1.0.1",
			"resolved": "https://registry.npmjs.org/value-equal/-/value-equal-1.0.1.tgz",
			"integrity": "sha512-NOJ6JZCAWr0zlxZt+xqCHNTEKOsrks2HQd4MqhP1qy4z1SkbEP467eNx6TgDKXMvUOb+OENfJCZwM+16n7fRfw=="
		}
	}
}
