{
	"name": "@control-ui/app",
	"version": "0.0.26",
	"lockfileVersion": 3,
	"requires": true,
	"packages": {
		"": {
			"name": "@control-ui/app",
			"version": "0.0.26",
			"license": "MIT",
			"devDependencies": {
				"@mui/icons-material": "^5.6.2",
				"@mui/material": "^5.6.2",
				"@types/react": "^18.0",
				"i18next": "^23.0",
				"i18next-browser-languagedetector": "^8.0",
				"i18next-chained-backend": "^4.0",
				"i18next-http-backend": "^2.0",
				"i18next-localstorage-backend": "^4.0",
				"react": "^18.0",
				"react-dom": "^18.0",
				"react-i18next": "^15.0",
				"react-loadable": "^5.0",
				"react-router-dom": "^5.0"
			},
			"peerDependencies": {
				"@control-ui/kit": "~0.0.24",
				"@mui/icons-material": "^5.6.2",
				"@mui/material": "^5.6.2",
				"i18next": "^19.5 || ^20.0 || ^21.0 || ^22.0 || ^23.0",
				"i18next-browser-languagedetector": "^4.0 || ^5.0 || ^6.0 || ^7.0 || ^8.0",
				"i18next-chained-backend": "^2.0 || ^3.0 || ^4.0",
				"i18next-http-backend": "^2.0",
				"i18next-localstorage-backend": "^3.0 || ^4.0",
				"react": "^17.0 || ^18.0",
				"react-dom": "^17.0 || ^18.0",
				"react-i18next": "^11.0 || ^12.0 || ^13.0 || ^14.0 || ^15.0",
				"react-loadable": "^5.0",
				"react-router": "^5.0",
				"react-router-dom": "^5.0"
			}
		},
		"../control-kit": {
			"name": "@control-ui/kit",
			"version": "0.0.30",
			"extraneous": true,
			"license": "MIT",
			"dependencies": {
				"@control-ui/routes": "~0.0.5",
				"react-helmet": "^6.1.0"
			},
			"devDependencies": {
				"@mui/icons-material": "^5.6.2",
				"@mui/material": "^5.6.2",
				"@types/react": "^18.0",
				"@types/react-helmet": "^6.1.0",
				"@types/react-router-dom": "^5.1.5",
				"react": "^18.0",
				"react-dom": "^18.0",
				"react-router": "^5.0",
				"react-router-dom": "^5.0"
			},
			"peerDependencies": {
				"@mui/icons-material": "^5.6.2",
				"@mui/material": "^5.6.2",
				"react": "^17.0 || ^18.0",
				"react-dom": "^17.0 || ^18.0",
				"react-router": "^5.0",
				"react-router-dom": "^5.0"
			}
		},
		"../control-routes": {
			"name": "@control-ui/routes",
			"version": "0.0.7",
			"extraneous": true,
			"license": "MIT",
			"devDependencies": {
				"@types/react": "^18.0",
				"@types/react-router-dom": "^5.1.5",
				"react": "^18.0",
				"react-router": "^5.0",
				"react-router-dom": "^5.0"
			},
			"peerDependencies": {
				"react": "^17.0 || ^18.0",
				"react-router": "^5.0",
				"react-router-dom": "^5.0"
			},
			"peerDependenciesMeta": {
				"react-router": {
					"optional": true
				},
				"react-router-dom": {
					"optional": true
				}
			}
		},
		"node_modules/@babel/runtime": {
			"version": "7.25.7",
			"dev": true,
			"license": "MIT",
			"dependencies": {
				"regenerator-runtime": "^0.14.0"
			},
			"engines": {
				"node": ">=6.9.0"
			}
		},
		"node_modules/@emotion/cache": {
			"version": "11.13.1",
			"dev": true,
			"license": "MIT",
			"dependencies": {
				"@emotion/memoize": "^0.9.0",
				"@emotion/sheet": "^1.4.0",
				"@emotion/utils": "^1.4.0",
				"@emotion/weak-memoize": "^0.4.0",
				"stylis": "4.2.0"
			}
		},
		"node_modules/@emotion/memoize": {
			"version": "0.9.0",
			"dev": true,
			"license": "MIT"
		},
		"node_modules/@emotion/sheet": {
			"version": "1.4.0",
			"dev": true,
			"license": "MIT"
		},
		"node_modules/@emotion/utils": {
			"version": "1.4.1",
			"dev": true,
			"license": "MIT"
		},
		"node_modules/@emotion/weak-memoize": {
			"version": "0.4.0",
			"dev": true,
			"license": "MIT"
		},
		"node_modules/@mui/core-downloads-tracker": {
			"version": "5.16.7",
			"dev": true,
			"license": "MIT",
			"funding": {
				"type": "opencollective",
				"url": "https://opencollective.com/mui-org"
			}
		},
		"node_modules/@mui/icons-material": {
			"version": "5.16.7",
			"dev": true,
			"license": "MIT",
			"dependencies": {
				"@babel/runtime": "^7.23.9"
			},
			"engines": {
				"node": ">=12.0.0"
			},
			"funding": {
				"type": "opencollective",
				"url": "https://opencollective.com/mui-org"
			},
			"peerDependencies": {
				"@mui/material": "^5.0.0",
				"@types/react": "^17.0.0 || ^18.0.0",
				"react": "^17.0.0 || ^18.0.0"
			},
			"peerDependenciesMeta": {
				"@types/react": {
					"optional": true
				}
			}
		},
		"node_modules/@mui/material": {
			"version": "5.16.7",
			"dev": true,
			"license": "MIT",
			"dependencies": {
				"@babel/runtime": "^7.23.9",
				"@mui/core-downloads-tracker": "^5.16.7",
				"@mui/system": "^5.16.7",
				"@mui/types": "^7.2.15",
				"@mui/utils": "^5.16.6",
				"@popperjs/core": "^2.11.8",
				"@types/react-transition-group": "^4.4.10",
				"clsx": "^2.1.0",
				"csstype": "^3.1.3",
				"prop-types": "^15.8.1",
				"react-is": "^18.3.1",
				"react-transition-group": "^4.4.5"
			},
			"engines": {
				"node": ">=12.0.0"
			},
			"funding": {
				"type": "opencollective",
				"url": "https://opencollective.com/mui-org"
			},
			"peerDependencies": {
				"@emotion/react": "^11.5.0",
				"@emotion/styled": "^11.3.0",
				"@types/react": "^17.0.0 || ^18.0.0",
				"react": "^17.0.0 || ^18.0.0",
				"react-dom": "^17.0.0 || ^18.0.0"
			},
			"peerDependenciesMeta": {
				"@emotion/react": {
					"optional": true
				},
				"@emotion/styled": {
					"optional": true
				},
				"@types/react": {
					"optional": true
				}
			}
		},
		"node_modules/@mui/private-theming": {
			"version": "5.16.6",
			"dev": true,
			"license": "MIT",
			"dependencies": {
				"@babel/runtime": "^7.23.9",
				"@mui/utils": "^5.16.6",
				"prop-types": "^15.8.1"
			},
			"engines": {
				"node": ">=12.0.0"
			},
			"funding": {
				"type": "opencollective",
				"url": "https://opencollective.com/mui-org"
			},
			"peerDependencies": {
				"@types/react": "^17.0.0 || ^18.0.0",
				"react": "^17.0.0 || ^18.0.0"
			},
			"peerDependenciesMeta": {
				"@types/react": {
					"optional": true
				}
			}
		},
		"node_modules/@mui/styled-engine": {
			"version": "5.16.6",
			"dev": true,
			"license": "MIT",
			"dependencies": {
				"@babel/runtime": "^7.23.9",
				"@emotion/cache": "^11.11.0",
				"csstype": "^3.1.3",
				"prop-types": "^15.8.1"
			},
			"engines": {
				"node": ">=12.0.0"
			},
			"funding": {
				"type": "opencollective",
				"url": "https://opencollective.com/mui-org"
			},
			"peerDependencies": {
				"@emotion/react": "^11.4.1",
				"@emotion/styled": "^11.3.0",
				"react": "^17.0.0 || ^18.0.0"
			},
			"peerDependenciesMeta": {
				"@emotion/react": {
					"optional": true
				},
				"@emotion/styled": {
					"optional": true
				}
			}
		},
		"node_modules/@mui/system": {
			"version": "5.16.7",
			"dev": true,
			"license": "MIT",
			"dependencies": {
				"@babel/runtime": "^7.23.9",
				"@mui/private-theming": "^5.16.6",
				"@mui/styled-engine": "^5.16.6",
				"@mui/types": "^7.2.15",
				"@mui/utils": "^5.16.6",
				"clsx": "^2.1.0",
				"csstype": "^3.1.3",
				"prop-types": "^15.8.1"
			},
			"engines": {
				"node": ">=12.0.0"
			},
			"funding": {
				"type": "opencollective",
				"url": "https://opencollective.com/mui-org"
			},
			"peerDependencies": {
				"@emotion/react": "^11.5.0",
				"@emotion/styled": "^11.3.0",
				"@types/react": "^17.0.0 || ^18.0.0",
				"react": "^17.0.0 || ^18.0.0"
			},
			"peerDependenciesMeta": {
				"@emotion/react": {
					"optional": true
				},
				"@emotion/styled": {
					"optional": true
				},
				"@types/react": {
					"optional": true
				}
			}
		},
		"node_modules/@mui/types": {
			"version": "7.2.18",
			"dev": true,
			"license": "MIT",
			"peerDependencies": {
				"@types/react": "^17.0.0 || ^18.0.0 || ^19.0.0"
			},
			"peerDependenciesMeta": {
				"@types/react": {
					"optional": true
				}
			}
		},
		"node_modules/@mui/utils": {
			"version": "5.16.6",
			"dev": true,
			"license": "MIT",
			"dependencies": {
				"@babel/runtime": "^7.23.9",
				"@mui/types": "^7.2.15",
				"@types/prop-types": "^15.7.12",
				"clsx": "^2.1.1",
				"prop-types": "^15.8.1",
				"react-is": "^18.3.1"
			},
			"engines": {
				"node": ">=12.0.0"
			},
			"funding": {
				"type": "opencollective",
				"url": "https://opencollective.com/mui-org"
			},
			"peerDependencies": {
				"@types/react": "^17.0.0 || ^18.0.0",
				"react": "^17.0.0 || ^18.0.0"
			},
			"peerDependenciesMeta": {
				"@types/react": {
					"optional": true
				}
			}
		},
		"node_modules/@popperjs/core": {
			"version": "2.11.8",
			"dev": true,
			"license": "MIT",
			"funding": {
				"type": "opencollective",
				"url": "https://opencollective.com/popperjs"
			}
		},
		"node_modules/@types/prop-types": {
			"version": "15.7.13",
			"dev": true,
			"license": "MIT"
		},
		"node_modules/@types/react": {
			"version": "18.3.11",
			"dev": true,
			"license": "MIT",
			"dependencies": {
				"@types/prop-types": "*",
				"csstype": "^3.0.2"
			}
		},
		"node_modules/@types/react-transition-group": {
			"version": "4.4.11",
			"dev": true,
			"license": "MIT",
			"dependencies": {
				"@types/react": "*"
			}
		},
		"node_modules/clsx": {
			"version": "2.1.1",
			"dev": true,
			"license": "MIT",
			"engines": {
				"node": ">=6"
			}
		},
		"node_modules/cross-fetch": {
			"version": "4.0.0",
			"resolved": "https://registry.npmjs.org/cross-fetch/-/cross-fetch-4.0.0.tgz",
			"integrity": "sha512-e4a5N8lVvuLgAWgnCrLr2PP0YyDOTHa9H/Rj54dirp61qXnNq46m82bRhNqIA5VccJtWBvPTFRV3TtvHUKPB1g==",
			"dev": true,
			"license": "MIT",
			"dependencies": {
				"node-fetch": "^2.6.12"
			}
		},
		"node_modules/csstype": {
			"version": "3.1.3",
			"dev": true,
			"license": "MIT"
		},
		"node_modules/dom-helpers": {
			"version": "5.2.1",
			"dev": true,
			"license": "MIT",
			"dependencies": {
				"@babel/runtime": "^7.8.7",
				"csstype": "^3.0.2"
			}
		},
		"node_modules/history": {
			"version": "4.10.1",
			"dev": true,
			"license": "MIT",
			"dependencies": {
				"@babel/runtime": "^7.1.2",
				"loose-envify": "^1.2.0",
				"resolve-pathname": "^3.0.0",
				"tiny-invariant": "^1.0.2",
				"tiny-warning": "^1.0.0",
				"value-equal": "^1.0.1"
			}
		},
		"node_modules/hoist-non-react-statics": {
			"version": "3.3.2",
			"dev": true,
			"license": "BSD-3-Clause",
			"dependencies": {
				"react-is": "^16.7.0"
			}
		},
		"node_modules/hoist-non-react-statics/node_modules/react-is": {
			"version": "16.13.1",
			"dev": true,
			"license": "MIT"
		},
		"node_modules/html-parse-stringify": {
			"version": "3.0.1",
			"dev": true,
			"license": "MIT",
			"dependencies": {
				"void-elements": "3.1.0"
			}
		},
		"node_modules/i18next": {
			"version": "23.16.0",
			"resolved": "https://registry.npmjs.org/i18next/-/i18next-23.16.0.tgz",
			"integrity": "sha512-Ni3CG6c14teOogY19YNRl+kYaE/Rb59khy0VyHVn4uOZ97E2E/Yziyi6r3C3s9+wacjdLZiq/LLYyx+Cgd+FCw==",
			"dev": true,
			"funding": [
				{
					"type": "individual",
					"url": "https://locize.com"
				},
				{
					"type": "individual",
					"url": "https://locize.com/i18next.html"
				},
				{
					"type": "individual",
					"url": "https://www.i18next.com/how-to/faq#i18next-is-awesome.-how-can-i-support-the-project"
				}
			],
			"license": "MIT",
			"dependencies": {
				"@babel/runtime": "^7.23.2"
			}
		},
		"node_modules/i18next-browser-languagedetector": {
			"version": "8.0.0",
			"resolved": "https://registry.npmjs.org/i18next-browser-languagedetector/-/i18next-browser-languagedetector-8.0.0.tgz",
			"integrity": "sha512-zhXdJXTTCoG39QsrOCiOabnWj2jecouOqbchu3EfhtSHxIB5Uugnm9JaizenOy39h7ne3+fLikIjeW88+rgszw==",
			"dev": true,
			"license": "MIT",
			"dependencies": {
				"@babel/runtime": "^7.23.2"
			}
		},
		"node_modules/i18next-chained-backend": {
			"version": "4.6.2",
			"resolved": "https://registry.npmjs.org/i18next-chained-backend/-/i18next-chained-backend-4.6.2.tgz",
			"integrity": "sha512-2P092fR+nAPQlGzPUoIIxbwo7PTBqQYgLxwv1XhSTQUAUoelLo5LkX+FqRxxSDg9WEAsrc8+2WL6mJtMGIa6WQ==",
			"dev": true,
			"license": "MIT",
			"dependencies": {
				"@babel/runtime": "^7.23.2"
			}
		},
		"node_modules/i18next-http-backend": {
			"version": "2.6.2",
			"resolved": "https://registry.npmjs.org/i18next-http-backend/-/i18next-http-backend-2.6.2.tgz",
			"integrity": "sha512-Hp/kd8/VuoxIHmxsknJXjkTYYHzivAyAF15pzliKzk2TiXC25rZCEerb1pUFoxz4IVrG3fCvQSY51/Lu4ECV4A==",
			"dev": true,
			"license": "MIT",
			"dependencies": {
				"cross-fetch": "4.0.0"
			}
		},
		"node_modules/i18next-localstorage-backend": {
			"version": "4.2.0",
			"resolved": "https://registry.npmjs.org/i18next-localstorage-backend/-/i18next-localstorage-backend-4.2.0.tgz",
			"integrity": "sha512-vglEQF0AnLriX7dLA2drHnqAYzHxnLwWQzBDw8YxcIDjOvYZz5rvpal59Dq4In+IHNmGNM32YgF0TDjBT0fHmA==",
			"dev": true,
			"license": "MIT",
			"dependencies": {
				"@babel/runtime": "^7.22.15"
			}
		},
		"node_modules/isarray": {
			"version": "0.0.1",
			"dev": true,
			"license": "MIT"
		},
		"node_modules/js-tokens": {
			"version": "4.0.0",
			"dev": true,
			"license": "MIT"
		},
		"node_modules/loose-envify": {
			"version": "1.4.0",
			"dev": true,
			"license": "MIT",
			"dependencies": {
				"js-tokens": "^3.0.0 || ^4.0.0"
			},
			"bin": {
				"loose-envify": "cli.js"
			}
		},
		"node_modules/node-fetch": {
			"version": "2.7.0",
			"resolved": "https://registry.npmjs.org/node-fetch/-/node-fetch-2.7.0.tgz",
			"integrity": "sha512-c4FRfUm/dbcWZ7U+1Wq0AwCyFL+3nt2bEw05wfxSz+DWpWsitgmSgYmy2dQdWyKC1694ELPqMs/YzUSNozLt8A==",
			"dev": true,
			"license": "MIT",
			"dependencies": {
				"whatwg-url": "^5.0.0"
			},
			"engines": {
				"node": "4.x || >=6.0.0"
			},
			"peerDependencies": {
				"encoding": "^0.1.0"
			},
			"peerDependenciesMeta": {
				"encoding": {
					"optional": true
				}
			}
		},
		"node_modules/object-assign": {
			"version": "4.1.1",
			"dev": true,
			"license": "MIT",
			"engines": {
				"node": ">=0.10.0"
			}
		},
		"node_modules/path-to-regexp": {
			"version": "1.9.0",
			"dev": true,
			"license": "MIT",
			"dependencies": {
				"isarray": "0.0.1"
			}
		},
		"node_modules/prop-types": {
			"version": "15.8.1",
			"dev": true,
			"license": "MIT",
			"dependencies": {
				"loose-envify": "^1.4.0",
				"object-assign": "^4.1.1",
				"react-is": "^16.13.1"
			}
		},
		"node_modules/prop-types/node_modules/react-is": {
			"version": "16.13.1",
			"dev": true,
			"license": "MIT"
		},
		"node_modules/react": {
			"version": "18.3.1",
			"dev": true,
			"license": "MIT",
			"dependencies": {
				"loose-envify": "^1.1.0"
			},
			"engines": {
				"node": ">=0.10.0"
			}
		},
		"node_modules/react-dom": {
			"version": "18.3.1",
			"dev": true,
			"license": "MIT",
			"dependencies": {
				"loose-envify": "^1.1.0",
				"scheduler": "^0.23.2"
			},
			"peerDependencies": {
				"react": "^18.3.1"
			}
		},
		"node_modules/react-i18next": {
			"version": "15.0.3",
			"resolved": "https://registry.npmjs.org/react-i18next/-/react-i18next-15.0.3.tgz",
			"integrity": "sha512-BlO1P+oLKjjIxDBQ0GkAIMacgjfMbnvops+3Y5nZXF7UJ99v4KCWr0Na1azJXC8AMiNWp4kgUcFCJM7U9ZsUDg==",
			"dev": true,
			"license": "MIT",
			"dependencies": {
				"@babel/runtime": "^7.25.0",
				"html-parse-stringify": "^3.0.1"
			},
			"peerDependencies": {
				"i18next": ">= 23.2.3",
				"react": ">= 16.8.0"
			},
			"peerDependenciesMeta": {
				"react-dom": {
					"optional": true
				},
				"react-native": {
					"optional": true
				}
			}
		},
		"node_modules/react-is": {
			"version": "18.3.1",
			"dev": true,
			"license": "MIT"
		},
		"node_modules/react-loadable": {
			"version": "5.5.0",
			"dev": true,
			"license": "MIT",
			"dependencies": {
				"prop-types": "^15.5.0"
			},
			"peerDependencies": {
				"react": "*"
			}
		},
		"node_modules/react-router": {
			"version": "5.3.4",
			"dev": true,
			"license": "MIT",
			"dependencies": {
				"@babel/runtime": "^7.12.13",
				"history": "^4.9.0",
				"hoist-non-react-statics": "^3.1.0",
				"loose-envify": "^1.3.1",
				"path-to-regexp": "^1.7.0",
				"prop-types": "^15.6.2",
				"react-is": "^16.6.0",
				"tiny-invariant": "^1.0.2",
				"tiny-warning": "^1.0.0"
			},
			"peerDependencies": {
				"react": ">=15"
			}
		},
		"node_modules/react-router-dom": {
			"version": "5.3.4",
			"dev": true,
			"license": "MIT",
			"dependencies": {
				"@babel/runtime": "^7.12.13",
				"history": "^4.9.0",
				"loose-envify": "^1.3.1",
				"prop-types": "^15.6.2",
				"react-router": "5.3.4",
				"tiny-invariant": "^1.0.2",
				"tiny-warning": "^1.0.0"
			},
			"peerDependencies": {
				"react": ">=15"
			}
		},
		"node_modules/react-router/node_modules/react-is": {
			"version": "16.13.1",
			"dev": true,
			"license": "MIT"
		},
		"node_modules/react-transition-group": {
			"version": "4.4.5",
			"dev": true,
			"license": "BSD-3-Clause",
			"dependencies": {
				"@babel/runtime": "^7.5.5",
				"dom-helpers": "^5.0.1",
				"loose-envify": "^1.4.0",
				"prop-types": "^15.6.2"
			},
			"peerDependencies": {
				"react": ">=16.6.0",
				"react-dom": ">=16.6.0"
			}
		},
		"node_modules/regenerator-runtime": {
			"version": "0.14.1",
			"dev": true,
			"license": "MIT"
		},
		"node_modules/resolve-pathname": {
			"version": "3.0.0",
			"dev": true,
			"license": "MIT"
		},
		"node_modules/scheduler": {
			"version": "0.23.2",
			"dev": true,
			"license": "MIT",
			"dependencies": {
				"loose-envify": "^1.1.0"
			}
		},
		"node_modules/stylis": {
			"version": "4.2.0",
			"dev": true,
			"license": "MIT"
		},
		"node_modules/tiny-invariant": {
			"version": "1.3.3",
			"dev": true,
			"license": "MIT"
		},
		"node_modules/tiny-warning": {
			"version": "1.0.3",
			"dev": true,
			"license": "MIT"
		},
		"node_modules/tr46": {
			"version": "0.0.3",
			"resolved": "https://registry.npmjs.org/tr46/-/tr46-0.0.3.tgz",
			"integrity": "sha512-N3WMsuqV66lT30CrXNbEjx4GEwlow3v6rr4mCcv6prnfwhS01rkgyFdjPNBYd9br7LpXV1+Emh01fHnq2Gdgrw==",
			"dev": true,
			"license": "MIT"
		},
		"node_modules/value-equal": {
			"version": "1.0.1",
			"dev": true,
			"license": "MIT"
		},
		"node_modules/void-elements": {
			"version": "3.1.0",
			"dev": true,
			"license": "MIT",
			"engines": {
				"node": ">=0.10.0"
			}
		},
		"node_modules/webidl-conversions": {
			"version": "3.0.1",
			"resolved": "https://registry.npmjs.org/webidl-conversions/-/webidl-conversions-3.0.1.tgz",
			"integrity": "sha512-2JAn3z8AR6rjK8Sm8orRC0h/bcl/DqL7tRPdGZ4I1CjdF+EaMLmYxBHyXuKL849eucPFhvBoxMsflfOb8kxaeQ==",
			"dev": true,
			"license": "BSD-2-Clause"
		},
		"node_modules/whatwg-url": {
			"version": "5.0.0",
			"resolved": "https://registry.npmjs.org/whatwg-url/-/whatwg-url-5.0.0.tgz",
			"integrity": "sha512-saE57nupxk6v3HY35+jzBwYa0rKSy0XR8JSxZPwgLr7ys0IBzhGviA1/TUGJLmSVqs8pb9AnvICXEuOHLprYTw==",
			"dev": true,
			"license": "MIT",
			"dependencies": {
				"tr46": "~0.0.3",
				"webidl-conversions": "^3.0.0"
			}
		}
	}
}
